
Microsoft Visual Studio Solution File, Format Version 12.00
# Visual Studio 14
VisualStudioVersion = 14.0.24720.0
MinimumVisualStudioVersion = 10.0.40219.1
Project("{FAE04EC0-301F-11D3-BF4B-00C04F79EFBC}") = "GoForIt", "GoForIt\GoForIt.csproj", "{E5F171EA-8E57-4E93-A4D8-9AC8B1BAE6E3}"
EndProject
Project("{FAE04EC0-301F-11D3-BF4B-00C04F79EFBC}") = "Routing", "Routing\Routing.csproj", "{1FC8E6B0-9E58-4CB3-B5ED-30D2ED01F6B9}"
EndProject
Project("{FAE04EC0-301F-11D3-BF4B-00C04F79EFBC}") = "GoForITStub", "GoForITStub\GoForITStub.csproj", "{4E34FC61-56D9-4780-A3F9-4F5FD4064F01}"
EndProject
Global
	GlobalSection(SolutionConfigurationPlatforms) = preSolution
		Debug|Any CPU = Debug|Any CPU
		Release|Any CPU = Release|Any CPU
	EndGlobalSection
	GlobalSection(ProjectConfigurationPlatforms) = postSolution
		{E5F171EA-8E57-4E93-A4D8-9AC8B1BAE6E3}.Debug|Any CPU.ActiveCfg = Debug|Any CPU
		{E5F171EA-8E57-4E93-A4D8-9AC8B1BAE6E3}.Debug|Any CPU.Build.0 = Debug|Any CPU
		{E5F171EA-8E57-4E93-A4D8-9AC8B1BAE6E3}.Release|Any CPU.ActiveCfg = Release|Any CPU
		{E5F171EA-8E57-4E93-A4D8-9AC8B1BAE6E3}.Release|Any CPU.Build.0 = Release|Any CPU
		{1FC8E6B0-9E58-4CB3-B5ED-30D2ED01F6B9}.Debug|Any CPU.ActiveCfg = Debug|Any CPU
		{1FC8E6B0-9E58-4CB3-B5ED-30D2ED01F6B9}.Debug|Any CPU.Build.0 = Debug|Any CPU
		{1FC8E6B0-9E58-4CB3-B5ED-30D2ED01F6B9}.Release|Any CPU.ActiveCfg = Release|Any CPU
		{1FC8E6B0-9E58-4CB3-B5ED-30D2ED01F6B9}.Release|Any CPU.Build.0 = Release|Any CPU
		{4E34FC61-56D9-4780-A3F9-4F5FD4064F01}.Debug|Any CPU.ActiveCfg = Debug|Any CPU
		{4E34FC61-56D9-4780-A3F9-4F5FD4064F01}.Debug|Any CPU.Build.0 = Debug|Any CPU
		{4E34FC61-56D9-4780-A3F9-4F5FD4064F01}.Release|Any CPU.ActiveCfg = Release|Any CPU
		{4E34FC61-56D9-4780-A3F9-4F5FD4064F01}.Release|Any CPU.Build.0 = Release|Any CPU
	EndGlobalSection
	GlobalSection(SolutionProperties) = preSolution
		HideSolutionNode = FALSE
	EndGlobalSection
EndGlobal
